
Microsoft Visual Studio Solution File, Format Version 12.00
# Visual Studio Version 17
VisualStudioVersion = 17.4.33110.190
MinimumVisualStudioVersion = 10.0.40219.1
Project("{FAE04EC0-301F-11D3-BF4B-00C04F79EFBC}") = "RoundingDoubleNumbers", "RoundingDoubleNumbers\RoundingDoubleNumbers.csproj", "{E3204D92-CCD0-4756-954F-EBC9004B2494}"
EndProject
Global
	GlobalSection(SolutionConfigurationPlatforms) = preSolution
		Debug|Any CPU = Debug|Any CPU
		Release|Any CPU = Release|Any CPU
	EndGlobalSection
	GlobalSection(ProjectConfigurationPlatforms) = postSolution
		{E3204D92-CCD0-4756-954F-EBC9004B2494}.Debug|Any CPU.ActiveCfg = Debug|Any CPU
		{E3204D92-CCD0-4756-954F-EBC9004B2494}.Debug|Any CPU.Build.0 = Debug|Any CPU
		{E3204D92-CCD0-4756-954F-EBC9004B2494}.Release|Any CPU.ActiveCfg = Release|Any CPU
		{E3204D92-CCD0-4756-954F-EBC9004B2494}.Release|Any CPU.Build.0 = Release|Any CPU
	EndGlobalSection
	GlobalSection(SolutionProperties) = preSolution
		HideSolutionNode = FALSE
	EndGlobalSection
	GlobalSection(ExtensibilityGlobals) = postSolution
		SolutionGuid = {F0F9CE8C-03A4-49F8-8D25-194A39C192CF}
	EndGlobalSection
EndGlobal
